
Microsoft Visual Studio Solution File, Format Version 12.00
# Visual Studio 15
VisualStudioVersion = 15.0.27703.2042
MinimumVisualStudioVersion = 10.0.40219.1
Project("{9A19103F-16F7-4668-BE54-9A1E7A4F7556}") = "MarketPlace", "MarketPlace\MarketPlace.csproj", "{01BF64E1-FA8D-4B00-835B-E7E2509FB54A}"
EndProject
Project("{FAE04EC0-301F-11D3-BF4B-00C04F79EFBC}") = "MarketPlace.Tests", "MarketPlace.Tests\MarketPlace.Tests.csproj", "{094FD3BF-9BA7-45DE-A654-39E7B116D688}"
EndProject
Global
	GlobalSection(SolutionConfigurationPlatforms) = preSolution
		Debug|Any CPU = Debug|Any CPU
		Release|Any CPU = Release|Any CPU
	EndGlobalSection
	GlobalSection(ProjectConfigurationPlatforms) = postSolution
		{01BF64E1-FA8D-4B00-835B-E7E2509FB54A}.Debug|Any CPU.ActiveCfg = Debug|Any CPU
		{01BF64E1-FA8D-4B00-835B-E7E2509FB54A}.Debug|Any CPU.Build.0 = Debug|Any CPU
		{01BF64E1-FA8D-4B00-835B-E7E2509FB54A}.Release|Any CPU.ActiveCfg = Release|Any CPU
		{01BF64E1-FA8D-4B00-835B-E7E2509FB54A}.Release|Any CPU.Build.0 = Release|Any CPU
		{094FD3BF-9BA7-45DE-A654-39E7B116D688}.Debug|Any CPU.ActiveCfg = Debug|Any CPU
		{094FD3BF-9BA7-45DE-A654-39E7B116D688}.Debug|Any CPU.Build.0 = Debug|Any CPU
		{094FD3BF-9BA7-45DE-A654-39E7B116D688}.Release|Any CPU.ActiveCfg = Release|Any CPU
		{094FD3BF-9BA7-45DE-A654-39E7B116D688}.Release|Any CPU.Build.0 = Release|Any CPU
	EndGlobalSection
	GlobalSection(SolutionProperties) = preSolution
		HideSolutionNode = FALSE
	EndGlobalSection
	GlobalSection(ExtensibilityGlobals) = postSolution
		SolutionGuid = {884F2DE3-5D81-4ABF-A7EA-6C1409878DD8}
	EndGlobalSection
EndGlobal
